
Microsoft Visual Studio Solution File, Format Version 12.00
# Visual Studio Version 17
VisualStudioVersion = 17.9.34622.214
MinimumVisualStudioVersion = 10.0.40219.1
Project("{FAE04EC0-301F-11D3-BF4B-00C04F79EFBC}") = "ClassLibrary1", "ClassLibrary1.csproj", "{ED268F81-4A08-40A5-A310-E1F504B5F853}"
EndProject
Global
	GlobalSection(SolutionConfigurationPlatforms) = preSolution
		Debug|Any CPU = Debug|Any CPU
		Release|Any CPU = Release|Any CPU
	EndGlobalSection
	GlobalSection(ProjectConfigurationPlatforms) = postSolution
		{ED268F81-4A08-40A5-A310-E1F504B5F853}.Debug|Any CPU.ActiveCfg = Debug|Any CPU
		{ED268F81-4A08-40A5-A310-E1F504B5F853}.Debug|Any CPU.Build.0 = Debug|Any CPU
		{ED268F81-4A08-40A5-A310-E1F504B5F853}.Release|Any CPU.ActiveCfg = Release|Any CPU
		{ED268F81-4A08-40A5-A310-E1F504B5F853}.Release|Any CPU.Build.0 = Release|Any CPU
	EndGlobalSection
	GlobalSection(SolutionProperties) = preSolution
		HideSolutionNode = FALSE
	EndGlobalSection
	GlobalSection(ExtensibilityGlobals) = postSolution
		SolutionGuid = {55381FCD-5517-481B-A664-508D9EBEEE72}
	EndGlobalSection
EndGlobal
